
Microsoft Visual Studio Solution File, Format Version 12.00
# Visual Studio Version 16
VisualStudioVersion = 16.0.31605.320
MinimumVisualStudioVersion = 10.0.40219.1
Project("{FAE04EC0-301F-11D3-BF4B-00C04F79EFBC}") = "Bee Project.", "..\Bee Project\Bee Project\Bee Project..csproj", "{DD430536-7F0E-41D7-B2DB-5CDAEA92F5B4}"
EndProject
Global
	GlobalSection(SolutionConfigurationPlatforms) = preSolution
		Debug|Any CPU = Debug|Any CPU
		Release|Any CPU = Release|Any CPU
	EndGlobalSection
	GlobalSection(ProjectConfigurationPlatforms) = postSolution
		{DD430536-7F0E-41D7-B2DB-5CDAEA92F5B4}.Debug|Any CPU.ActiveCfg = Debug|Any CPU
		{DD430536-7F0E-41D7-B2DB-5CDAEA92F5B4}.Debug|Any CPU.Build.0 = Debug|Any CPU
		{DD430536-7F0E-41D7-B2DB-5CDAEA92F5B4}.Release|Any CPU.ActiveCfg = Release|Any CPU
		{DD430536-7F0E-41D7-B2DB-5CDAEA92F5B4}.Release|Any CPU.Build.0 = Release|Any CPU
	EndGlobalSection
	GlobalSection(SolutionProperties) = preSolution
		HideSolutionNode = FALSE
	EndGlobalSection
	GlobalSection(ExtensibilityGlobals) = postSolution
		SolutionGuid = {1E9F341F-02DB-4F68-892C-127483EBD08C}
	EndGlobalSection
EndGlobal
